// !$*UTF8*$!
{
	archiveVersion = 1;
	classes = {
	};
	objectVersion = 50;
	objects = {

/* Begin PBXBuildFile section */
		49688CFE21DF505500027BD3 /* LoadingCell.swift in Sources */ = {isa = PBXBuildFile; fileRef = 49688CFD21DF505500027BD3 /* LoadingCell.swift */; };
		49B0855021D3C87F00D68D85 /* AppDelegate.swift in Sources */ = {isa = PBXBuildFile; fileRef = 49B0854F21D3C87F00D68D85 /* AppDelegate.swift */; };
		49B0855221D3C87F00D68D85 /* AreaListViewController.swift in Sources */ = {isa = PBXBuildFile; fileRef = 49B0855121D3C87F00D68D85 /* AreaListViewController.swift */; };
		49B0855521D3C87F00D68D85 /* Main.storyboard in Resources */ = {isa = PBXBuildFile; fileRef = 49B0855321D3C87F00D68D85 /* Main.storyboard */; };
		49B0855721D3C88000D68D85 /* Assets.xcassets in Resources */ = {isa = PBXBuildFile; fileRef = 49B0855621D3C88000D68D85 /* Assets.xcassets */; };
		49B0855A21D3C88000D68D85 /* LaunchScreen.storyboard in Resources */ = {isa = PBXBuildFile; fileRef = 49B0855821D3C88000D68D85 /* LaunchScreen.storyboard */; };
		49B0856221D509C300D68D85 /* StoreInfoViewController.swift in Sources */ = {isa = PBXBuildFile; fileRef = 49B0856121D509C300D68D85 /* StoreInfoViewController.swift */; };
		49B0856421D524D100D68D85 /* StoreCell.swift in Sources */ = {isa = PBXBuildFile; fileRef = 49B0856321D524D100D68D85 /* StoreCell.swift */; };
		49BD6E3421E7545100E5A3A0 /* AreaInTokyo.json in Resources */ = {isa = PBXBuildFile; fileRef = 49BD6E3321E7545100E5A3A0 /* AreaInTokyo.json */; };
		49BD6E5821F42FD500E5A3A0 /* AreaListModel.swift in Sources */ = {isa = PBXBuildFile; fileRef = 49BD6E5721F42FD500E5A3A0 /* AreaListModel.swift */; };
		49BD6E5A21F440F700E5A3A0 /* GetApiModel.swift in Sources */ = {isa = PBXBuildFile; fileRef = 49BD6E5921F440F700E5A3A0 /* GetApiModel.swift */; };
/* End PBXBuildFile section */

/* Begin PBXFileReference section */
		49688CFD21DF505500027BD3 /* LoadingCell.swift */ = {isa = PBXFileReference; lastKnownFileType = sourcecode.swift; path = LoadingCell.swift; sourceTree = "<group>"; };
		49B0854C21D3C87F00D68D85 /* Gourmet-app.app */ = {isa = PBXFileReference; explicitFileType = wrapper.application; includeInIndex = 0; path = "Gourmet-app.app"; sourceTree = BUILT_PRODUCTS_DIR; };
		49B0854F21D3C87F00D68D85 /* AppDelegate.swift */ = {isa = PBXFileReference; lastKnownFileType = sourcecode.swift; path = AppDelegate.swift; sourceTree = "<group>"; };
		49B0855121D3C87F00D68D85 /* AreaListViewController.swift */ = {isa = PBXFileReference; lastKnownFileType = sourcecode.swift; path = AreaListViewController.swift; sourceTree = "<group>"; };
		49B0855421D3C87F00D68D85 /* Base */ = {isa = PBXFileReference; lastKnownFileType = file.storyboard; name = Base; path = Base.lproj/Main.storyboard; sourceTree = "<group>"; };
		49B0855621D3C88000D68D85 /* Assets.xcassets */ = {isa = PBXFileReference; lastKnownFileType = folder.assetcatalog; path = Assets.xcassets; sourceTree = "<group>"; };
		49B0855921D3C88000D68D85 /* Base */ = {isa = PBXFileReference; lastKnownFileType = file.storyboard; name = Base; path = Base.lproj/LaunchScreen.storyboard; sourceTree = "<group>"; };
		49B0855B21D3C88000D68D85 /* Info.plist */ = {isa = PBXFileReference; lastKnownFileType = text.plist.xml; path = Info.plist; sourceTree = "<group>"; };
		49B0856121D509C300D68D85 /* StoreInfoViewController.swift */ = {isa = PBXFileReference; lastKnownFileType = sourcecode.swift; path = StoreInfoViewController.swift; sourceTree = "<group>"; };
		49B0856321D524D100D68D85 /* StoreCell.swift */ = {isa = PBXFileReference; lastKnownFileType = sourcecode.swift; path = StoreCell.swift; sourceTree = "<group>"; };
		49BD6E3321E7545100E5A3A0 /* AreaInTokyo.json */ = {isa = PBXFileReference; fileEncoding = 4; lastKnownFileType = text.json; path = AreaInTokyo.json; sourceTree = "<group>"; };
		49BD6E5721F42FD500E5A3A0 /* AreaListModel.swift */ = {isa = PBXFileReference; lastKnownFileType = sourcecode.swift; path = AreaListModel.swift; sourceTree = "<group>"; };
		49BD6E5921F440F700E5A3A0 /* GetApiModel.swift */ = {isa = PBXFileReference; lastKnownFileType = sourcecode.swift; path = GetApiModel.swift; sourceTree = "<group>"; };
/* End PBXFileReference section */

/* Begin PBXFrameworksBuildPhase section */
		49B0854921D3C87F00D68D85 /* Frameworks */ = {
			isa = PBXFrameworksBuildPhase;
			buildActionMask = 2147483647;
			files = (
			);
			runOnlyForDeploymentPostprocessing = 0;
		};
/* End PBXFrameworksBuildPhase section */

/* Begin PBXGroup section */
		49B0854321D3C87F00D68D85 = {
			isa = PBXGroup;
			children = (
				49B0854E21D3C87F00D68D85 /* Gourmet-app */,
				49B0854D21D3C87F00D68D85 /* Products */,
			);
			sourceTree = "<group>";
		};
		49B0854D21D3C87F00D68D85 /* Products */ = {
			isa = PBXGroup;
			children = (
				49B0854C21D3C87F00D68D85 /* Gourmet-app.app */,
			);
			name = Products;
			sourceTree = "<group>";
		};
		49B0854E21D3C87F00D68D85 /* Gourmet-app */ = {
			isa = PBXGroup;
			children = (
				49B0854F21D3C87F00D68D85 /* AppDelegate.swift */,
				49BD6E3321E7545100E5A3A0 /* AreaInTokyo.json */,
				49B0855121D3C87F00D68D85 /* AreaListViewController.swift */,
				49BD6E5721F42FD500E5A3A0 /* AreaListModel.swift */,
				49B0855321D3C87F00D68D85 /* Main.storyboard */,
				49B0856121D509C300D68D85 /* StoreInfoViewController.swift */,
				49BD6E5921F440F700E5A3A0 /* GetApiModel.swift */,
				49BD6E3221E4ECC400E5A3A0 /* View */,
				49B0855621D3C88000D68D85 /* Assets.xcassets */,
				49B0855821D3C88000D68D85 /* LaunchScreen.storyboard */,
				49B0855B21D3C88000D68D85 /* Info.plist */,
			);
			path = "Gourmet-app";
			sourceTree = "<group>";
		};
		49BD6E3221E4ECC400E5A3A0 /* View */ = {
			isa = PBXGroup;
			children = (
				49B0856321D524D100D68D85 /* StoreCell.swift */,
				49688CFD21DF505500027BD3 /* LoadingCell.swift */,
			);
			path = View;
			sourceTree = "<group>";
		};
/* End PBXGroup section */

/* Begin PBXNativeTarget section */
		49B0854B21D3C87F00D68D85 /* Gourmet-app */ = {
			isa = PBXNativeTarget;
			buildConfigurationList = 49B0855E21D3C88000D68D85 /* Build configuration list for PBXNativeTarget "Gourmet-app" */;
			buildPhases = (
				49B0854821D3C87F00D68D85 /* Sources */,
				49B0854921D3C87F00D68D85 /* Frameworks */,
				49B0854A21D3C87F00D68D85 /* Resources */,
			);
			buildRules = (
			);
			dependencies = (
			);
			name = "Gourmet-app";
			productName = "test-gourmet-app";
			productReference = 49B0854C21D3C87F00D68D85 /* Gourmet-app.app */;
			productType = "com.apple.product-type.application";
		};
/* End PBXNativeTarget section */

/* Begin PBXProject section */
		49B0854421D3C87F00D68D85 /* Project object */ = {
			isa = PBXProject;
			attributes = {
				LastSwiftUpdateCheck = 1010;
				LastUpgradeCheck = 1010;
				ORGANIZATIONNAME = minagi;
				TargetAttributes = {
					49B0854B21D3C87F00D68D85 = {
						CreatedOnToolsVersion = 10.1;
					};
				};
			};
			buildConfigurationList = 49B0854721D3C87F00D68D85 /* Build configuration list for PBXProject "Gourmet-app" */;
			compatibilityVersion = "Xcode 9.3";
			developmentRegion = en;
			hasScannedForEncodings = 0;
			knownRegions = (
				en,
				Base,
			);
			mainGroup = 49B0854321D3C87F00D68D85;
			productRefGroup = 49B0854D21D3C87F00D68D85 /* Products */;
			projectDirPath = "";
			projectRoot = "";
			targets = (
				49B0854B21D3C87F00D68D85 /* Gourmet-app */,
			);
		};
/* End PBXProject section */

/* Begin PBXResourcesBuildPhase section */
		49B0854A21D3C87F00D68D85 /* Resources */ = {
			isa = PBXResourcesBuildPhase;
			buildActionMask = 2147483647;
			files = (
				49B0855A21D3C88000D68D85 /* LaunchScreen.storyboard in Resources */,
				49B0855721D3C88000D68D85 /* Assets.xcassets in Resources */,
				49BD6E3421E7545100E5A3A0 /* AreaInTokyo.json in Resources */,
				49B0855521D3C87F00D68D85 /* Main.storyboard in Resources */,
			);
			runOnlyForDeploymentPostprocessing = 0;
		};
/* End PBXResourcesBuildPhase section */

/* Begin PBXSourcesBuildPhase section */
		49B0854821D3C87F00D68D85 /* Sources */ = {
			isa = PBXSourcesBuildPhase;
			buildActionMask = 2147483647;
			files = (
				49B0856221D509C300D68D85 /* StoreInfoViewController.swift in Sources */,
				49B0855221D3C87F00D68D85 /* AreaListViewController.swift in Sources */,
				49B0855021D3C87F00D68D85 /* AppDelegate.swift in Sources */,
				49B0856421D524D100D68D85 /* StoreCell.swift in Sources */,
				49BD6E5A21F440F700E5A3A0 /* GetApiModel.swift in Sources */,
				49688CFE21DF505500027BD3 /* LoadingCell.swift in Sources */,
				49BD6E5821F42FD500E5A3A0 /* AreaListModel.swift in Sources */,
			);
			runOnlyForDeploymentPostprocessing = 0;
		};
/* End PBXSourcesBuildPhase section */

/* Begin PBXVariantGroup section */
		49B0855321D3C87F00D68D85 /* Main.storyboard */ = {
			isa = PBXVariantGroup;
			children = (
				49B0855421D3C87F00D68D85 /* Base */,
			);
			name = Main.storyboard;
			sourceTree = "<group>";
		};
		49B0855821D3C88000D68D85 /* LaunchScreen.storyboard */ = {
			isa = PBXVariantGroup;
			children = (
				49B0855921D3C88000D68D85 /* Base */,
			);
			name = LaunchScreen.storyboard;
			sourceTree = "<group>";
		};
/* End PBXVariantGroup section */

/* Begin XCBuildConfiguration section */
		49B0855C21D3C88000D68D85 /* Debug */ = {
			isa = XCBuildConfiguration;
			buildSettings = {
				ALWAYS_SEARCH_USER_PATHS = NO;
				CLANG_ANALYZER_NONNULL = YES;
				CLANG_ANALYZER_NUMBER_OBJECT_CONVERSION = YES_AGGRESSIVE;
				CLANG_CXX_LANGUAGE_STANDARD = "gnu++14";
				CLANG_CXX_LIBRARY = "libc++";
				CLANG_ENABLE_MODULES = YES;
				CLANG_ENABLE_OBJC_ARC = YES;
				CLANG_ENABLE_OBJC_WEAK = YES;
				CLANG_WARN_BLOCK_CAPTURE_AUTORELEASING = YES;
				CLANG_WARN_BOOL_CONVERSION = YES;
				CLANG_WARN_COMMA = YES;
				CLANG_WARN_CONSTANT_CONVERSION = YES;
				CLANG_WARN_DEPRECATED_OBJC_IMPLEMENTATIONS = YES;
				CLANG_WARN_DIRECT_OBJC_ISA_USAGE = YES_ERROR;
				CLANG_WARN_DOCUMENTATION_COMMENTS = YES;
				CLANG_WARN_EMPTY_BODY = YES;
				CLANG_WARN_ENUM_CONVERSION = YES;
				CLANG_WARN_INFINITE_RECURSION = YES;
				CLANG_WARN_INT_CONVERSION = YES;
				CLANG_WARN_NON_LITERAL_NULL_CONVERSION = YES;
				CLANG_WARN_OBJC_IMPLICIT_RETAIN_SELF = YES;
				CLANG_WARN_OBJC_LITERAL_CONVERSION = YES;
				CLANG_WARN_OBJC_ROOT_CLASS = YES_ERROR;
				CLANG_WARN_RANGE_LOOP_ANALYSIS = YES;
				CLANG_WARN_STRICT_PROTOTYPES = YES;
				CLANG_WARN_SUSPICIOUS_MOVE = YES;
				CLANG_WARN_UNGUARDED_AVAILABILITY = YES_AGGRESSIVE;
				CLANG_WARN_UNREACHABLE_CODE = YES;
				CLANG_WARN__DUPLICATE_METHOD_MATCH = YES;
				CODE_SIGN_IDENTITY = "iPhone Developer";
				COPY_PHASE_STRIP = NO;
				DEBUG_INFORMATION_FORMAT = dwarf;
				ENABLE_STRICT_OBJC_MSGSEND = YES;
				ENABLE_TESTABILITY = YES;
				GCC_C_LANGUAGE_STANDARD = gnu11;
				GCC_DYNAMIC_NO_PIC = NO;
				GCC_NO_COMMON_BLOCKS = YES;
				GCC_OPTIMIZATION_LEVEL = 0;
				GCC_PREPROCESSOR_DEFINITIONS = (
					"DEBUG=1",
					"$(inherited)",
				);
				GCC_WARN_64_TO_32_BIT_CONVERSION = YES;
				GCC_WARN_ABOUT_RETURN_TYPE = YES_ERROR;
				GCC_WARN_UNDECLARED_SELECTOR = YES;
				GCC_WARN_UNINITIALIZED_AUTOS = YES_AGGRESSIVE;
				GCC_WARN_UNUSED_FUNCTION = YES;
				GCC_WARN_UNUSED_VARIABLE = YES;
				IPHONEOS_DEPLOYMENT_TARGET = 12.1;
				MTL_ENABLE_DEBUG_INFO = INCLUDE_SOURCE;
				MTL_FAST_MATH = YES;
				ONLY_ACTIVE_ARCH = YES;
				SDKROOT = iphoneos;
				SWIFT_ACTIVE_COMPILATION_CONDITIONS = DEBUG;
				SWIFT_OPTIMIZATION_LEVEL = "-Onone";
			};
			name = Debug;
		};
		49B0855D21D3C88000D68D85 /* Release */ = {
			isa = XCBuildConfiguration;
			buildSettings = {
				ALWAYS_SEARCH_USER_PATHS = NO;
				CLANG_ANALYZER_NONNULL = YES;
				CLANG_ANALYZER_NUMBER_OBJECT_CONVERSION = YES_AGGRESSIVE;
				CLANG_CXX_LANGUAGE_STANDARD = "gnu++14";
				CLANG_CXX_LIBRARY = "libc++";
				CLANG_ENABLE_MODULES = YES;
				CLANG_ENABLE_OBJC_ARC = YES;
				CLANG_ENABLE_OBJC_WEAK = YES;
				CLANG_WARN_BLOCK_CAPTURE_AUTORELEASING = YES;
				CLANG_WARN_BOOL_CONVERSION = YES;
				CLANG_WARN_COMMA = YES;
				CLANG_WARN_CONSTANT_CONVERSION = YES;
				CLANG_WARN_DEPRECATED_OBJC_IMPLEMENTATIONS = YES;
				CLANG_WARN_DIRECT_OBJC_ISA_USAGE = YES_ERROR;
				CLANG_WARN_DOCUMENTATION_COMMENTS = YES;
				CLANG_WARN_EMPTY_BODY = YES;
				CLANG_WARN_ENUM_CONVERSION = YES;
				CLANG_WARN_INFINITE_RECURSION = YES;
				CLANG_WARN_INT_CONVERSION = YES;
				CLANG_WARN_NON_LITERAL_NULL_CONVERSION = YES;
				CLANG_WARN_OBJC_IMPLICIT_RETAIN_SELF = YES;
				CLANG_WARN_OBJC_LITERAL_CONVERSION = YES;
				CLANG_WARN_OBJC_ROOT_CLASS = YES_ERROR;
				CLANG_WARN_RANGE_LOOP_ANALYSIS = YES;
				CLANG_WARN_STRICT_PROTOTYPES = YES;
				CLANG_WARN_SUSPICIOUS_MOVE = YES;
				CLANG_WARN_UNGUARDED_AVAILABILITY = YES_AGGRESSIVE;
				CLANG_WARN_UNREACHABLE_CODE = YES;
				CLANG_WARN__DUPLICATE_METHOD_MATCH = YES;
				CODE_SIGN_IDENTITY = "iPhone Developer";
				COPY_PHASE_STRIP = NO;
				DEBUG_INFORMATION_FORMAT = "dwarf-with-dsym";
				ENABLE_NS_ASSERTIONS = NO;
				ENABLE_STRICT_OBJC_MSGSEND = YES;
				GCC_C_LANGUAGE_STANDARD = gnu11;
				GCC_NO_COMMON_BLOCKS = YES;
				GCC_WARN_64_TO_32_BIT_CONVERSION = YES;
				GCC_WARN_ABOUT_RETURN_TYPE = YES_ERROR;
				GCC_WARN_UNDECLARED_SELECTOR = YES;
				GCC_WARN_UNINITIALIZED_AUTOS = YES_AGGRESSIVE;
				GCC_WARN_UNUSED_FUNCTION = YES;
				GCC_WARN_UNUSED_VARIABLE = YES;
				IPHONEOS_DEPLOYMENT_TARGET = 12.1;
				MTL_ENABLE_DEBUG_INFO = NO;
				MTL_FAST_MATH = YES;
				SDKROOT = iphoneos;
				SWIFT_COMPILATION_MODE = wholemodule;
				SWIFT_OPTIMIZATION_LEVEL = "-O";
				VALIDATE_PRODUCT = YES;
			};
			name = Release;
		};
		49B0855F21D3C88000D68D85 /* Debug */ = {
			isa = XCBuildConfiguration;
			buildSettings = {
				ASSETCATALOG_COMPILER_APPICON_NAME = AppIcon;
				CODE_SIGN_STYLE = Automatic;
				DEVELOPMENT_TEAM = KQ3HKVH899;
				INFOPLIST_FILE = "$(SRCROOT)/Gourmet-app/Info.plist";
				LD_RUNPATH_SEARCH_PATHS = (
					"$(inherited)",
					"@executable_path/Frameworks",
				);
				PRODUCT_BUNDLE_IDENTIFIER = "com.test.company.Gourmet-app";
				PRODUCT_NAME = "$(TARGET_NAME)";
				SWIFT_VERSION = 4.2;
				TARGETED_DEVICE_FAMILY = "1,2";
			};
			name = Debug;
		};
		49B0856021D3C88000D68D85 /* Release */ = {
			isa = XCBuildConfiguration;
			buildSettings = {
				ASSETCATALOG_COMPILER_APPICON_NAME = AppIcon;
				CODE_SIGN_STYLE = Automatic;
				DEVELOPMENT_TEAM = KQ3HKVH899;
				INFOPLIST_FILE = "$(SRCROOT)/Gourmet-app/Info.plist";
				LD_RUNPATH_SEARCH_PATHS = (
					"$(inherited)",
					"@executable_path/Frameworks",
				);
				PRODUCT_BUNDLE_IDENTIFIER = "com.test.company.Gourmet-app";
				PRODUCT_NAME = "$(TARGET_NAME)";
				SWIFT_VERSION = 4.2;
				TARGETED_DEVICE_FAMILY = "1,2";
			};
			name = Release;
		};
/* End XCBuildConfiguration section */

/* Begin XCConfigurationList section */
		49B0854721D3C87F00D68D85 /* Build configuration list for PBXProject "Gourmet-app" */ = {
			isa = XCConfigurationList;
			buildConfigurations = (
				49B0855C21D3C88000D68D85 /* Debug */,
				49B0855D21D3C88000D68D85 /* Release */,
			);
			defaultConfigurationIsVisible = 0;
			defaultConfigurationName = Release;
		};
		49B0855E21D3C88000D68D85 /* Build configuration list for PBXNativeTarget "Gourmet-app" */ = {
			isa = XCConfigurationList;
			buildConfigurations = (
				49B0855F21D3C88000D68D85 /* Debug */,
				49B0856021D3C88000D68D85 /* Release */,
			);
			defaultConfigurationIsVisible = 0;
			defaultConfigurationName = Release;
		};
/* End XCConfigurationList section */
	};
	rootObject = 49B0854421D3C87F00D68D85 /* Project object */;
}
