// !$*UTF8*$!
{
	archiveVersion = 1;
	classes = {
	};
	objectVersion = 50;
	objects = {

/* Begin PBXBuildFile section */
		3275980B969256F88C5F8EF7 /* Pods_Gourmet_app.framework in Frameworks */ = {isa = PBXBuildFile; fileRef = 3CBC39A194FB039803355B20 /* Pods_Gourmet_app.framework */; };
		492C3B7C220C67C70081458A /* Restaurant.swift in Sources */ = {isa = PBXBuildFile; fileRef = 492C3B7B220C67C70081458A /* Restaurant.swift */; };
		492C3B7E220C685C0081458A /* APIResponse.swift in Sources */ = {isa = PBXBuildFile; fileRef = 492C3B7D220C685C0081458A /* APIResponse.swift */; };
		492C3B80220C6AB70081458A /* GnaviClientError.swift in Sources */ = {isa = PBXBuildFile; fileRef = 492C3B7F220C6AB70081458A /* GnaviClientError.swift */; };
		492C3B82220C6B520081458A /* GnaviAPIError.swift in Sources */ = {isa = PBXBuildFile; fileRef = 492C3B81220C6B520081458A /* GnaviAPIError.swift */; };
		492C3B86220C6DCB0081458A /* GnaviRequest.swift in Sources */ = {isa = PBXBuildFile; fileRef = 492C3B85220C6DCB0081458A /* GnaviRequest.swift */; };
		492C3B88220C6EBD0081458A /* HTTPMethod.swift in Sources */ = {isa = PBXBuildFile; fileRef = 492C3B87220C6EBD0081458A /* HTTPMethod.swift */; };
		492C3B8A220C712F0081458A /* GnaviAPI.swift in Sources */ = {isa = PBXBuildFile; fileRef = 492C3B89220C712E0081458A /* GnaviAPI.swift */; };
		492C3B90221048B40081458A /* GnaviClient.swift in Sources */ = {isa = PBXBuildFile; fileRef = 492C3B8F221048B40081458A /* GnaviClient.swift */; };
		492C3B92221049C30081458A /* Result.swift in Sources */ = {isa = PBXBuildFile; fileRef = 492C3B91221049C30081458A /* Result.swift */; };
		492C3BCC221142210081458A /* GetRestData.swift in Sources */ = {isa = PBXBuildFile; fileRef = 492C3BCB221142210081458A /* GetRestData.swift */; };
		492C3BCE221144890081458A /* StatusType.swift in Sources */ = {isa = PBXBuildFile; fileRef = 492C3BCD221144890081458A /* StatusType.swift */; };
		492C3BD02211883A0081458A /* SectionType.swift in Sources */ = {isa = PBXBuildFile; fileRef = 492C3BCF2211883A0081458A /* SectionType.swift */; };
		49688CFE21DF505500027BD3 /* LoadingCell.swift in Sources */ = {isa = PBXBuildFile; fileRef = 49688CFD21DF505500027BD3 /* LoadingCell.swift */; };
		4997EC1C21F9FC5A00CB253D /* DecodeAreaListModel.swift in Sources */ = {isa = PBXBuildFile; fileRef = 4997EC1B21F9FC5A00CB253D /* DecodeAreaListModel.swift */; };
		49B0855021D3C87F00D68D85 /* AppDelegate.swift in Sources */ = {isa = PBXBuildFile; fileRef = 49B0854F21D3C87F00D68D85 /* AppDelegate.swift */; };
		49B0855221D3C87F00D68D85 /* AreaListViewController.swift in Sources */ = {isa = PBXBuildFile; fileRef = 49B0855121D3C87F00D68D85 /* AreaListViewController.swift */; };
		49B0855521D3C87F00D68D85 /* Main.storyboard in Resources */ = {isa = PBXBuildFile; fileRef = 49B0855321D3C87F00D68D85 /* Main.storyboard */; };
		49B0855721D3C88000D68D85 /* Assets.xcassets in Resources */ = {isa = PBXBuildFile; fileRef = 49B0855621D3C88000D68D85 /* Assets.xcassets */; };
		49B0855A21D3C88000D68D85 /* LaunchScreen.storyboard in Resources */ = {isa = PBXBuildFile; fileRef = 49B0855821D3C88000D68D85 /* LaunchScreen.storyboard */; };
		49B0856221D509C300D68D85 /* RestaurantsInfoViewController.swift in Sources */ = {isa = PBXBuildFile; fileRef = 49B0856121D509C300D68D85 /* RestaurantsInfoViewController.swift */; };
		49B0856421D524D100D68D85 /* RestInfoCell.swift in Sources */ = {isa = PBXBuildFile; fileRef = 49B0856321D524D100D68D85 /* RestInfoCell.swift */; };
		49BD6E3421E7545100E5A3A0 /* AreaInTokyo.json in Resources */ = {isa = PBXBuildFile; fileRef = 49BD6E3321E7545100E5A3A0 /* AreaInTokyo.json */; };
		49BD6E5821F42FD500E5A3A0 /* AreaInTokyo.swift in Sources */ = {isa = PBXBuildFile; fileRef = 49BD6E5721F42FD500E5A3A0 /* AreaInTokyo.swift */; };
		49FE2DEC21FF226200E8B211 /* Utility.swift in Sources */ = {isa = PBXBuildFile; fileRef = 49FE2DEB21FF226200E8B211 /* Utility.swift */; };
		49FE2E122205A1F300E8B211 /* SystemConfiguration.framework in Frameworks */ = {isa = PBXBuildFile; fileRef = 49FE2E112205A1F300E8B211 /* SystemConfiguration.framework */; };
/* End PBXBuildFile section */

/* Begin PBXFileReference section */
		14DB1E57D52D21C153DD4891 /* Pods-Gourmet-app.release.xcconfig */ = {isa = PBXFileReference; includeInIndex = 1; lastKnownFileType = text.xcconfig; name = "Pods-Gourmet-app.release.xcconfig"; path = "Pods/Target Support Files/Pods-Gourmet-app/Pods-Gourmet-app.release.xcconfig"; sourceTree = "<group>"; };
		3CBC39A194FB039803355B20 /* Pods_Gourmet_app.framework */ = {isa = PBXFileReference; explicitFileType = wrapper.framework; includeInIndex = 0; path = Pods_Gourmet_app.framework; sourceTree = BUILT_PRODUCTS_DIR; };
		492C3B7B220C67C70081458A /* Restaurant.swift */ = {isa = PBXFileReference; lastKnownFileType = sourcecode.swift; path = Restaurant.swift; sourceTree = "<group>"; };
		492C3B7D220C685C0081458A /* APIResponse.swift */ = {isa = PBXFileReference; lastKnownFileType = sourcecode.swift; path = APIResponse.swift; sourceTree = "<group>"; };
		492C3B7F220C6AB70081458A /* GnaviClientError.swift */ = {isa = PBXFileReference; lastKnownFileType = sourcecode.swift; path = GnaviClientError.swift; sourceTree = "<group>"; };
		492C3B81220C6B520081458A /* GnaviAPIError.swift */ = {isa = PBXFileReference; lastKnownFileType = sourcecode.swift; path = GnaviAPIError.swift; sourceTree = "<group>"; };
		492C3B85220C6DCB0081458A /* GnaviRequest.swift */ = {isa = PBXFileReference; lastKnownFileType = sourcecode.swift; path = GnaviRequest.swift; sourceTree = "<group>"; };
		492C3B87220C6EBD0081458A /* HTTPMethod.swift */ = {isa = PBXFileReference; lastKnownFileType = sourcecode.swift; path = HTTPMethod.swift; sourceTree = "<group>"; };
		492C3B89220C712E0081458A /* GnaviAPI.swift */ = {isa = PBXFileReference; lastKnownFileType = sourcecode.swift; path = GnaviAPI.swift; sourceTree = "<group>"; };
		492C3B8F221048B40081458A /* GnaviClient.swift */ = {isa = PBXFileReference; lastKnownFileType = sourcecode.swift; path = GnaviClient.swift; sourceTree = "<group>"; };
		492C3B91221049C30081458A /* Result.swift */ = {isa = PBXFileReference; lastKnownFileType = sourcecode.swift; path = Result.swift; sourceTree = "<group>"; };
		492C3BCB221142210081458A /* GetRestData.swift */ = {isa = PBXFileReference; lastKnownFileType = sourcecode.swift; path = GetRestData.swift; sourceTree = "<group>"; };
		492C3BCD221144890081458A /* StatusType.swift */ = {isa = PBXFileReference; lastKnownFileType = sourcecode.swift; path = StatusType.swift; sourceTree = "<group>"; };
		492C3BCF2211883A0081458A /* SectionType.swift */ = {isa = PBXFileReference; lastKnownFileType = sourcecode.swift; path = SectionType.swift; sourceTree = "<group>"; };
		49688CFD21DF505500027BD3 /* LoadingCell.swift */ = {isa = PBXFileReference; lastKnownFileType = sourcecode.swift; path = LoadingCell.swift; sourceTree = "<group>"; };
		4997EC1B21F9FC5A00CB253D /* DecodeAreaListModel.swift */ = {isa = PBXFileReference; lastKnownFileType = sourcecode.swift; path = DecodeAreaListModel.swift; sourceTree = "<group>"; };
		49B0854C21D3C87F00D68D85 /* Gourmet-app.app */ = {isa = PBXFileReference; explicitFileType = wrapper.application; includeInIndex = 0; path = "Gourmet-app.app"; sourceTree = BUILT_PRODUCTS_DIR; };
		49B0854F21D3C87F00D68D85 /* AppDelegate.swift */ = {isa = PBXFileReference; lastKnownFileType = sourcecode.swift; path = AppDelegate.swift; sourceTree = "<group>"; };
		49B0855121D3C87F00D68D85 /* AreaListViewController.swift */ = {isa = PBXFileReference; lastKnownFileType = sourcecode.swift; path = AreaListViewController.swift; sourceTree = "<group>"; };
		49B0855421D3C87F00D68D85 /* Base */ = {isa = PBXFileReference; lastKnownFileType = file.storyboard; name = Base; path = Base.lproj/Main.storyboard; sourceTree = "<group>"; };
		49B0855621D3C88000D68D85 /* Assets.xcassets */ = {isa = PBXFileReference; lastKnownFileType = folder.assetcatalog; path = Assets.xcassets; sourceTree = "<group>"; };
		49B0855921D3C88000D68D85 /* Base */ = {isa = PBXFileReference; lastKnownFileType = file.storyboard; name = Base; path = Base.lproj/LaunchScreen.storyboard; sourceTree = "<group>"; };
		49B0855B21D3C88000D68D85 /* Info.plist */ = {isa = PBXFileReference; lastKnownFileType = text.plist.xml; path = Info.plist; sourceTree = "<group>"; };
		49B0856121D509C300D68D85 /* RestaurantsInfoViewController.swift */ = {isa = PBXFileReference; lastKnownFileType = sourcecode.swift; path = RestaurantsInfoViewController.swift; sourceTree = "<group>"; };
		49B0856321D524D100D68D85 /* RestInfoCell.swift */ = {isa = PBXFileReference; lastKnownFileType = sourcecode.swift; path = RestInfoCell.swift; sourceTree = "<group>"; };
		49BD6E3321E7545100E5A3A0 /* AreaInTokyo.json */ = {isa = PBXFileReference; fileEncoding = 4; lastKnownFileType = text.json; path = AreaInTokyo.json; sourceTree = "<group>"; };
		49BD6E5721F42FD500E5A3A0 /* AreaInTokyo.swift */ = {isa = PBXFileReference; lastKnownFileType = sourcecode.swift; path = AreaInTokyo.swift; sourceTree = "<group>"; };
		49FE2DEB21FF226200E8B211 /* Utility.swift */ = {isa = PBXFileReference; lastKnownFileType = sourcecode.swift; path = Utility.swift; sourceTree = "<group>"; };
		49FE2E112205A1F300E8B211 /* SystemConfiguration.framework */ = {isa = PBXFileReference; lastKnownFileType = wrapper.framework; name = SystemConfiguration.framework; path = System/Library/Frameworks/SystemConfiguration.framework; sourceTree = SDKROOT; };
		898D41D223222657927A126C /* Pods-Gourmet-app.debug.xcconfig */ = {isa = PBXFileReference; includeInIndex = 1; lastKnownFileType = text.xcconfig; name = "Pods-Gourmet-app.debug.xcconfig"; path = "Pods/Target Support Files/Pods-Gourmet-app/Pods-Gourmet-app.debug.xcconfig"; sourceTree = "<group>"; };
/* End PBXFileReference section */

/* Begin PBXFrameworksBuildPhase section */
		49B0854921D3C87F00D68D85 /* Frameworks */ = {
			isa = PBXFrameworksBuildPhase;
			buildActionMask = 2147483647;
			files = (
				49FE2E122205A1F300E8B211 /* SystemConfiguration.framework in Frameworks */,
				3275980B969256F88C5F8EF7 /* Pods_Gourmet_app.framework in Frameworks */,
			);
			runOnlyForDeploymentPostprocessing = 0;
		};
/* End PBXFrameworksBuildPhase section */

/* Begin PBXGroup section */
		317572EF5D05552DB60C20DF /* Frameworks */ = {
			isa = PBXGroup;
			children = (
				49FE2E112205A1F300E8B211 /* SystemConfiguration.framework */,
				3CBC39A194FB039803355B20 /* Pods_Gourmet_app.framework */,
			);
			name = Frameworks;
			sourceTree = "<group>";
		};
		3AA834BF4F5CD51455310086 /* Pods */ = {
			isa = PBXGroup;
			children = (
				898D41D223222657927A126C /* Pods-Gourmet-app.debug.xcconfig */,
				14DB1E57D52D21C153DD4891 /* Pods-Gourmet-app.release.xcconfig */,
			);
			name = Pods;
			sourceTree = "<group>";
		};
		492C3B76220C65D20081458A /* Request */ = {
			isa = PBXGroup;
			children = (
				492C3B85220C6DCB0081458A /* GnaviRequest.swift */,
				492C3B8F221048B40081458A /* GnaviClient.swift */,
				492C3B91221049C30081458A /* Result.swift */,
				492C3B89220C712E0081458A /* GnaviAPI.swift */,
				492C3B87220C6EBD0081458A /* HTTPMethod.swift */,
			);
			path = Request;
			sourceTree = "<group>";
		};
		492C3B77220C66E80081458A /* Response */ = {
			isa = PBXGroup;
			children = (
				492C3B7D220C685C0081458A /* APIResponse.swift */,
				492C3B7B220C67C70081458A /* Restaurant.swift */,
			);
			path = Response;
			sourceTree = "<group>";
		};
		492C3B78220C66F10081458A /* Error */ = {
			isa = PBXGroup;
			children = (
				492C3B7F220C6AB70081458A /* GnaviClientError.swift */,
				492C3B81220C6B520081458A /* GnaviAPIError.swift */,
			);
			path = Error;
			sourceTree = "<group>";
		};
		4997EC1321F9EB9500CB253D /* restaurantsInfoModel */ = {
			isa = PBXGroup;
			children = (
				492C3BCD221144890081458A /* StatusType.swift */,
				492C3BCF2211883A0081458A /* SectionType.swift */,
				492C3BCB221142210081458A /* GetRestData.swift */,
			);
			path = restaurantsInfoModel;
			sourceTree = "<group>";
		};
		4997EC1821F9F0F400CB253D /* areaListModel */ = {
			isa = PBXGroup;
			children = (
				49BD6E5721F42FD500E5A3A0 /* AreaInTokyo.swift */,
				4997EC1B21F9FC5A00CB253D /* DecodeAreaListModel.swift */,
			);
			path = areaListModel;
			sourceTree = "<group>";
		};
		4997EC1D21FC84C200CB253D /* AreaListViewGroup */ = {
			isa = PBXGroup;
			children = (
				49B0855121D3C87F00D68D85 /* AreaListViewController.swift */,
				49BD6E3321E7545100E5A3A0 /* AreaInTokyo.json */,
				4997EC1821F9F0F400CB253D /* areaListModel */,
			);
			path = AreaListViewGroup;
			sourceTree = "<group>";
		};
		4997EC1E21FC84F200CB253D /* RestaurantsInfoViewGroup */ = {
			isa = PBXGroup;
			children = (
				49B0856121D509C300D68D85 /* RestaurantsInfoViewController.swift */,
				4997EC1321F9EB9500CB253D /* restaurantsInfoModel */,
				49BD6E3221E4ECC400E5A3A0 /* Cell */,
				492C3B78220C66F10081458A /* Error */,
				492C3B77220C66E80081458A /* Response */,
				492C3B76220C65D20081458A /* Request */,
			);
			path = RestaurantsInfoViewGroup;
			sourceTree = "<group>";
		};
		49B0854321D3C87F00D68D85 = {
			isa = PBXGroup;
			children = (
				49B0854E21D3C87F00D68D85 /* Gourmet-app */,
				49B0854D21D3C87F00D68D85 /* Products */,
				3AA834BF4F5CD51455310086 /* Pods */,
				317572EF5D05552DB60C20DF /* Frameworks */,
			);
			sourceTree = "<group>";
		};
		49B0854D21D3C87F00D68D85 /* Products */ = {
			isa = PBXGroup;
			children = (
				49B0854C21D3C87F00D68D85 /* Gourmet-app.app */,
			);
			name = Products;
			sourceTree = "<group>";
		};
		49B0854E21D3C87F00D68D85 /* Gourmet-app */ = {
			isa = PBXGroup;
			children = (
				49B0854F21D3C87F00D68D85 /* AppDelegate.swift */,
				49FE2DEB21FF226200E8B211 /* Utility.swift */,
				4997EC1D21FC84C200CB253D /* AreaListViewGroup */,
				49B0855321D3C87F00D68D85 /* Main.storyboard */,
				49B0855621D3C88000D68D85 /* Assets.xcassets */,
				4997EC1E21FC84F200CB253D /* RestaurantsInfoViewGroup */,
				49B0855821D3C88000D68D85 /* LaunchScreen.storyboard */,
				49B0855B21D3C88000D68D85 /* Info.plist */,
			);
			path = "Gourmet-app";
			sourceTree = "<group>";
		};
		49BD6E3221E4ECC400E5A3A0 /* Cell */ = {
			isa = PBXGroup;
			children = (
				49B0856321D524D100D68D85 /* RestInfoCell.swift */,
				49688CFD21DF505500027BD3 /* LoadingCell.swift */,
			);
			path = Cell;
			sourceTree = "<group>";
		};
/* End PBXGroup section */

/* Begin PBXNativeTarget section */
		49B0854B21D3C87F00D68D85 /* Gourmet-app */ = {
			isa = PBXNativeTarget;
			buildConfigurationList = 49B0855E21D3C88000D68D85 /* Build configuration list for PBXNativeTarget "Gourmet-app" */;
			buildPhases = (
				AB38FC4C4243BB5D4F307359 /* [CP] Check Pods Manifest.lock */,
				49B0854821D3C87F00D68D85 /* Sources */,
				49B0854921D3C87F00D68D85 /* Frameworks */,
				49B0854A21D3C87F00D68D85 /* Resources */,
				04BFB4C6C5C31B06E1D13FCE /* [CP] Embed Pods Frameworks */,
			);
			buildRules = (
			);
			dependencies = (
			);
			name = "Gourmet-app";
			productName = "test-gourmet-app";
			productReference = 49B0854C21D3C87F00D68D85 /* Gourmet-app.app */;
			productType = "com.apple.product-type.application";
		};
/* End PBXNativeTarget section */

/* Begin PBXProject section */
		49B0854421D3C87F00D68D85 /* Project object */ = {
			isa = PBXProject;
			attributes = {
				LastSwiftUpdateCheck = 1010;
				LastUpgradeCheck = 1010;
				ORGANIZATIONNAME = minagi;
				TargetAttributes = {
					49B0854B21D3C87F00D68D85 = {
						CreatedOnToolsVersion = 10.1;
					};
				};
			};
			buildConfigurationList = 49B0854721D3C87F00D68D85 /* Build configuration list for PBXProject "Gourmet-app" */;
			compatibilityVersion = "Xcode 9.3";
			developmentRegion = en;
			hasScannedForEncodings = 0;
			knownRegions = (
				en,
				Base,
			);
			mainGroup = 49B0854321D3C87F00D68D85;
			productRefGroup = 49B0854D21D3C87F00D68D85 /* Products */;
			projectDirPath = "";
			projectRoot = "";
			targets = (
				49B0854B21D3C87F00D68D85 /* Gourmet-app */,
			);
		};
/* End PBXProject section */

/* Begin PBXResourcesBuildPhase section */
		49B0854A21D3C87F00D68D85 /* Resources */ = {
			isa = PBXResourcesBuildPhase;
			buildActionMask = 2147483647;
			files = (
				49B0855A21D3C88000D68D85 /* LaunchScreen.storyboard in Resources */,
				49B0855721D3C88000D68D85 /* Assets.xcassets in Resources */,
				49BD6E3421E7545100E5A3A0 /* AreaInTokyo.json in Resources */,
				49B0855521D3C87F00D68D85 /* Main.storyboard in Resources */,
			);
			runOnlyForDeploymentPostprocessing = 0;
		};
/* End PBXResourcesBuildPhase section */

/* Begin PBXShellScriptBuildPhase section */
		04BFB4C6C5C31B06E1D13FCE /* [CP] Embed Pods Frameworks */ = {
			isa = PBXShellScriptBuildPhase;
			buildActionMask = 2147483647;
			files = (
			);
			inputFileListPaths = (
			);
			inputPaths = (
				"${SRCROOT}/Pods/Target Support Files/Pods-Gourmet-app/Pods-Gourmet-app-frameworks.sh",
				"${BUILT_PRODUCTS_DIR}/ReachabilitySwift/Reachability.framework",
			);
			name = "[CP] Embed Pods Frameworks";
			outputFileListPaths = (
			);
			outputPaths = (
				"${TARGET_BUILD_DIR}/${FRAMEWORKS_FOLDER_PATH}/Reachability.framework",
			);
			runOnlyForDeploymentPostprocessing = 0;
			shellPath = /bin/sh;
			shellScript = "\"${SRCROOT}/Pods/Target Support Files/Pods-Gourmet-app/Pods-Gourmet-app-frameworks.sh\"\n";
			showEnvVarsInLog = 0;
		};
		AB38FC4C4243BB5D4F307359 /* [CP] Check Pods Manifest.lock */ = {
			isa = PBXShellScriptBuildPhase;
			buildActionMask = 2147483647;
			files = (
			);
			inputFileListPaths = (
			);
			inputPaths = (
				"${PODS_PODFILE_DIR_PATH}/Podfile.lock",
				"${PODS_ROOT}/Manifest.lock",
			);
			name = "[CP] Check Pods Manifest.lock";
			outputFileListPaths = (
			);
			outputPaths = (
				"$(DERIVED_FILE_DIR)/Pods-Gourmet-app-checkManifestLockResult.txt",
			);
			runOnlyForDeploymentPostprocessing = 0;
			shellPath = /bin/sh;
			shellScript = "diff \"${PODS_PODFILE_DIR_PATH}/Podfile.lock\" \"${PODS_ROOT}/Manifest.lock\" > /dev/null\nif [ $? != 0 ] ; then\n    # print error to STDERR\n    echo \"error: The sandbox is not in sync with the Podfile.lock. Run 'pod install' or update your CocoaPods installation.\" >&2\n    exit 1\nfi\n# This output is used by Xcode 'outputs' to avoid re-running this script phase.\necho \"SUCCESS\" > \"${SCRIPT_OUTPUT_FILE_0}\"\n";
			showEnvVarsInLog = 0;
		};
/* End PBXShellScriptBuildPhase section */

/* Begin PBXSourcesBuildPhase section */
		49B0854821D3C87F00D68D85 /* Sources */ = {
			isa = PBXSourcesBuildPhase;
			buildActionMask = 2147483647;
			files = (
				49FE2DEC21FF226200E8B211 /* Utility.swift in Sources */,
				492C3BCE221144890081458A /* StatusType.swift in Sources */,
				492C3B80220C6AB70081458A /* GnaviClientError.swift in Sources */,
				492C3B92221049C30081458A /* Result.swift in Sources */,
				49B0856221D509C300D68D85 /* RestaurantsInfoViewController.swift in Sources */,
				492C3BD02211883A0081458A /* SectionType.swift in Sources */,
				49B0855221D3C87F00D68D85 /* AreaListViewController.swift in Sources */,
				492C3B90221048B40081458A /* GnaviClient.swift in Sources */,
				492C3B8A220C712F0081458A /* GnaviAPI.swift in Sources */,
				492C3B7C220C67C70081458A /* Restaurant.swift in Sources */,
				49B0855021D3C87F00D68D85 /* AppDelegate.swift in Sources */,
				492C3B7E220C685C0081458A /* APIResponse.swift in Sources */,
				4997EC1C21F9FC5A00CB253D /* DecodeAreaListModel.swift in Sources */,
				49B0856421D524D100D68D85 /* RestInfoCell.swift in Sources */,
				492C3B86220C6DCB0081458A /* GnaviRequest.swift in Sources */,
				492C3B88220C6EBD0081458A /* HTTPMethod.swift in Sources */,
				492C3BCC221142210081458A /* GetRestData.swift in Sources */,
				492C3B82220C6B520081458A /* GnaviAPIError.swift in Sources */,
				49688CFE21DF505500027BD3 /* LoadingCell.swift in Sources */,
				49BD6E5821F42FD500E5A3A0 /* AreaInTokyo.swift in Sources */,
			);
			runOnlyForDeploymentPostprocessing = 0;
		};
/* End PBXSourcesBuildPhase section */

/* Begin PBXVariantGroup section */
		49B0855321D3C87F00D68D85 /* Main.storyboard */ = {
			isa = PBXVariantGroup;
			children = (
				49B0855421D3C87F00D68D85 /* Base */,
			);
			name = Main.storyboard;
			sourceTree = "<group>";
		};
		49B0855821D3C88000D68D85 /* LaunchScreen.storyboard */ = {
			isa = PBXVariantGroup;
			children = (
				49B0855921D3C88000D68D85 /* Base */,
			);
			name = LaunchScreen.storyboard;
			sourceTree = "<group>";
		};
/* End PBXVariantGroup section */

/* Begin XCBuildConfiguration section */
		49B0855C21D3C88000D68D85 /* Debug */ = {
			isa = XCBuildConfiguration;
			buildSettings = {
				ALWAYS_SEARCH_USER_PATHS = NO;
				CLANG_ANALYZER_NONNULL = YES;
				CLANG_ANALYZER_NUMBER_OBJECT_CONVERSION = YES_AGGRESSIVE;
				CLANG_CXX_LANGUAGE_STANDARD = "gnu++14";
				CLANG_CXX_LIBRARY = "libc++";
				CLANG_ENABLE_MODULES = YES;
				CLANG_ENABLE_OBJC_ARC = YES;
				CLANG_ENABLE_OBJC_WEAK = YES;
				CLANG_WARN_BLOCK_CAPTURE_AUTORELEASING = YES;
				CLANG_WARN_BOOL_CONVERSION = YES;
				CLANG_WARN_COMMA = YES;
				CLANG_WARN_CONSTANT_CONVERSION = YES;
				CLANG_WARN_DEPRECATED_OBJC_IMPLEMENTATIONS = YES;
				CLANG_WARN_DIRECT_OBJC_ISA_USAGE = YES_ERROR;
				CLANG_WARN_DOCUMENTATION_COMMENTS = YES;
				CLANG_WARN_EMPTY_BODY = YES;
				CLANG_WARN_ENUM_CONVERSION = YES;
				CLANG_WARN_INFINITE_RECURSION = YES;
				CLANG_WARN_INT_CONVERSION = YES;
				CLANG_WARN_NON_LITERAL_NULL_CONVERSION = YES;
				CLANG_WARN_OBJC_IMPLICIT_RETAIN_SELF = YES;
				CLANG_WARN_OBJC_LITERAL_CONVERSION = YES;
				CLANG_WARN_OBJC_ROOT_CLASS = YES_ERROR;
				CLANG_WARN_RANGE_LOOP_ANALYSIS = YES;
				CLANG_WARN_STRICT_PROTOTYPES = YES;
				CLANG_WARN_SUSPICIOUS_MOVE = YES;
				CLANG_WARN_UNGUARDED_AVAILABILITY = YES_AGGRESSIVE;
				CLANG_WARN_UNREACHABLE_CODE = YES;
				CLANG_WARN__DUPLICATE_METHOD_MATCH = YES;
				CODE_SIGN_IDENTITY = "iPhone Developer";
				COPY_PHASE_STRIP = NO;
				DEBUG_INFORMATION_FORMAT = dwarf;
				ENABLE_STRICT_OBJC_MSGSEND = YES;
				ENABLE_TESTABILITY = YES;
				GCC_C_LANGUAGE_STANDARD = gnu11;
				GCC_DYNAMIC_NO_PIC = NO;
				GCC_NO_COMMON_BLOCKS = YES;
				GCC_OPTIMIZATION_LEVEL = 0;
				GCC_PREPROCESSOR_DEFINITIONS = (
					"DEBUG=1",
					"$(inherited)",
				);
				GCC_WARN_64_TO_32_BIT_CONVERSION = YES;
				GCC_WARN_ABOUT_RETURN_TYPE = YES_ERROR;
				GCC_WARN_UNDECLARED_SELECTOR = YES;
				GCC_WARN_UNINITIALIZED_AUTOS = YES_AGGRESSIVE;
				GCC_WARN_UNUSED_FUNCTION = YES;
				GCC_WARN_UNUSED_VARIABLE = YES;
				IPHONEOS_DEPLOYMENT_TARGET = 12.1;
				MTL_ENABLE_DEBUG_INFO = INCLUDE_SOURCE;
				MTL_FAST_MATH = YES;
				ONLY_ACTIVE_ARCH = YES;
				SDKROOT = iphoneos;
				SWIFT_ACTIVE_COMPILATION_CONDITIONS = DEBUG;
				SWIFT_OPTIMIZATION_LEVEL = "-Onone";
			};
			name = Debug;
		};
		49B0855D21D3C88000D68D85 /* Release */ = {
			isa = XCBuildConfiguration;
			buildSettings = {
				ALWAYS_SEARCH_USER_PATHS = NO;
				CLANG_ANALYZER_NONNULL = YES;
				CLANG_ANALYZER_NUMBER_OBJECT_CONVERSION = YES_AGGRESSIVE;
				CLANG_CXX_LANGUAGE_STANDARD = "gnu++14";
				CLANG_CXX_LIBRARY = "libc++";
				CLANG_ENABLE_MODULES = YES;
				CLANG_ENABLE_OBJC_ARC = YES;
				CLANG_ENABLE_OBJC_WEAK = YES;
				CLANG_WARN_BLOCK_CAPTURE_AUTORELEASING = YES;
				CLANG_WARN_BOOL_CONVERSION = YES;
				CLANG_WARN_COMMA = YES;
				CLANG_WARN_CONSTANT_CONVERSION = YES;
				CLANG_WARN_DEPRECATED_OBJC_IMPLEMENTATIONS = YES;
				CLANG_WARN_DIRECT_OBJC_ISA_USAGE = YES_ERROR;
				CLANG_WARN_DOCUMENTATION_COMMENTS = YES;
				CLANG_WARN_EMPTY_BODY = YES;
				CLANG_WARN_ENUM_CONVERSION = YES;
				CLANG_WARN_INFINITE_RECURSION = YES;
				CLANG_WARN_INT_CONVERSION = YES;
				CLANG_WARN_NON_LITERAL_NULL_CONVERSION = YES;
				CLANG_WARN_OBJC_IMPLICIT_RETAIN_SELF = YES;
				CLANG_WARN_OBJC_LITERAL_CONVERSION = YES;
				CLANG_WARN_OBJC_ROOT_CLASS = YES_ERROR;
				CLANG_WARN_RANGE_LOOP_ANALYSIS = YES;
				CLANG_WARN_STRICT_PROTOTYPES = YES;
				CLANG_WARN_SUSPICIOUS_MOVE = YES;
				CLANG_WARN_UNGUARDED_AVAILABILITY = YES_AGGRESSIVE;
				CLANG_WARN_UNREACHABLE_CODE = YES;
				CLANG_WARN__DUPLICATE_METHOD_MATCH = YES;
				CODE_SIGN_IDENTITY = "iPhone Developer";
				COPY_PHASE_STRIP = NO;
				DEBUG_INFORMATION_FORMAT = "dwarf-with-dsym";
				ENABLE_NS_ASSERTIONS = NO;
				ENABLE_STRICT_OBJC_MSGSEND = YES;
				GCC_C_LANGUAGE_STANDARD = gnu11;
				GCC_NO_COMMON_BLOCKS = YES;
				GCC_WARN_64_TO_32_BIT_CONVERSION = YES;
				GCC_WARN_ABOUT_RETURN_TYPE = YES_ERROR;
				GCC_WARN_UNDECLARED_SELECTOR = YES;
				GCC_WARN_UNINITIALIZED_AUTOS = YES_AGGRESSIVE;
				GCC_WARN_UNUSED_FUNCTION = YES;
				GCC_WARN_UNUSED_VARIABLE = YES;
				IPHONEOS_DEPLOYMENT_TARGET = 12.1;
				MTL_ENABLE_DEBUG_INFO = NO;
				MTL_FAST_MATH = YES;
				SDKROOT = iphoneos;
				SWIFT_COMPILATION_MODE = wholemodule;
				SWIFT_OPTIMIZATION_LEVEL = "-O";
				VALIDATE_PRODUCT = YES;
			};
			name = Release;
		};
		49B0855F21D3C88000D68D85 /* Debug */ = {
			isa = XCBuildConfiguration;
			baseConfigurationReference = 898D41D223222657927A126C /* Pods-Gourmet-app.debug.xcconfig */;
			buildSettings = {
				ASSETCATALOG_COMPILER_APPICON_NAME = AppIcon;
				CODE_SIGN_STYLE = Automatic;
				DEVELOPMENT_TEAM = KQ3HKVH899;
				INFOPLIST_FILE = "$(SRCROOT)/Gourmet-app/Info.plist";
				LD_RUNPATH_SEARCH_PATHS = (
					"$(inherited)",
					"@executable_path/Frameworks",
				);
				PRODUCT_BUNDLE_IDENTIFIER = "com.test.company.Gourmet-app";
				PRODUCT_NAME = "$(TARGET_NAME)";
				SWIFT_VERSION = 4.2;
				TARGETED_DEVICE_FAMILY = "1,2";
			};
			name = Debug;
		};
		49B0856021D3C88000D68D85 /* Release */ = {
			isa = XCBuildConfiguration;
			baseConfigurationReference = 14DB1E57D52D21C153DD4891 /* Pods-Gourmet-app.release.xcconfig */;
			buildSettings = {
				ASSETCATALOG_COMPILER_APPICON_NAME = AppIcon;
				CODE_SIGN_STYLE = Automatic;
				DEVELOPMENT_TEAM = KQ3HKVH899;
				INFOPLIST_FILE = "$(SRCROOT)/Gourmet-app/Info.plist";
				LD_RUNPATH_SEARCH_PATHS = (
					"$(inherited)",
					"@executable_path/Frameworks",
				);
				PRODUCT_BUNDLE_IDENTIFIER = "com.test.company.Gourmet-app";
				PRODUCT_NAME = "$(TARGET_NAME)";
				SWIFT_VERSION = 4.2;
				TARGETED_DEVICE_FAMILY = "1,2";
			};
			name = Release;
		};
/* End XCBuildConfiguration section */

/* Begin XCConfigurationList section */
		49B0854721D3C87F00D68D85 /* Build configuration list for PBXProject "Gourmet-app" */ = {
			isa = XCConfigurationList;
			buildConfigurations = (
				49B0855C21D3C88000D68D85 /* Debug */,
				49B0855D21D3C88000D68D85 /* Release */,
			);
			defaultConfigurationIsVisible = 0;
			defaultConfigurationName = Release;
		};
		49B0855E21D3C88000D68D85 /* Build configuration list for PBXNativeTarget "Gourmet-app" */ = {
			isa = XCConfigurationList;
			buildConfigurations = (
				49B0855F21D3C88000D68D85 /* Debug */,
				49B0856021D3C88000D68D85 /* Release */,
			);
			defaultConfigurationIsVisible = 0;
			defaultConfigurationName = Release;
		};
/* End XCConfigurationList section */
	};
	rootObject = 49B0854421D3C87F00D68D85 /* Project object */;
}
